// !$*UTF8*$!
{
	archiveVersion = 1;
	classes = {
	};
	objectVersion = 50;
	objects = {

/* Begin PBXBuildFile section */
		AE0205172156E3FC001EE01B /* AppDelegate.swift in Sources */ = {isa = PBXBuildFile; fileRef = AE0205162156E3FC001EE01B /* AppDelegate.swift */; };
		AE0205192156E3FC001EE01B /* art.scnassets in Resources */ = {isa = PBXBuildFile; fileRef = AE0205182156E3FC001EE01B /* art.scnassets */; };
		AE02051B2156E3FC001EE01B /* ViewController.swift in Sources */ = {isa = PBXBuildFile; fileRef = AE02051A2156E3FC001EE01B /* ViewController.swift */; };
		AE02051E2156E3FC001EE01B /* Main.storyboard in Resources */ = {isa = PBXBuildFile; fileRef = AE02051C2156E3FC001EE01B /* Main.storyboard */; };
		AE0205202156E3FE001EE01B /* Assets.xcassets in Resources */ = {isa = PBXBuildFile; fileRef = AE02051F2156E3FE001EE01B /* Assets.xcassets */; };
		AE0205232156E3FE001EE01B /* LaunchScreen.storyboard in Resources */ = {isa = PBXBuildFile; fileRef = AE0205212156E3FE001EE01B /* LaunchScreen.storyboard */; };
		AED8A1602156E73B005375A3 /* ARSCNStereoViewClass_v3.swift in Sources */ = {isa = PBXBuildFile; fileRef = AED8A15F2156E73B005375A3 /* ARSCNStereoViewClass_v3.swift */; };
/* End PBXBuildFile section */

/* Begin PBXFileReference section */
		AE0205132156E3FC001EE01B /* AR TextPad.app */ = {isa = PBXFileReference; explicitFileType = wrapper.application; includeInIndex = 0; path = "AR TextPad.app"; sourceTree = BUILT_PRODUCTS_DIR; };
		AE0205162156E3FC001EE01B /* AppDelegate.swift */ = {isa = PBXFileReference; lastKnownFileType = sourcecode.swift; path = AppDelegate.swift; sourceTree = "<group>"; };
		AE0205182156E3FC001EE01B /* art.scnassets */ = {isa = PBXFileReference; lastKnownFileType = wrapper.scnassets; path = art.scnassets; sourceTree = "<group>"; };
		AE02051A2156E3FC001EE01B /* ViewController.swift */ = {isa = PBXFileReference; lastKnownFileType = sourcecode.swift; path = ViewController.swift; sourceTree = "<group>"; };
		AE02051D2156E3FC001EE01B /* Base */ = {isa = PBXFileReference; lastKnownFileType = file.storyboard; name = Base; path = Base.lproj/Main.storyboard; sourceTree = "<group>"; };
		AE02051F2156E3FE001EE01B /* Assets.xcassets */ = {isa = PBXFileReference; lastKnownFileType = folder.assetcatalog; path = Assets.xcassets; sourceTree = "<group>"; };
		AE0205222156E3FE001EE01B /* Base */ = {isa = PBXFileReference; lastKnownFileType = file.storyboard; name = Base; path = Base.lproj/LaunchScreen.storyboard; sourceTree = "<group>"; };
		AE0205242156E3FE001EE01B /* Info.plist */ = {isa = PBXFileReference; lastKnownFileType = text.plist.xml; path = Info.plist; sourceTree = "<group>"; };
		AED8A15F2156E73B005375A3 /* ARSCNStereoViewClass_v3.swift */ = {isa = PBXFileReference; lastKnownFileType = sourcecode.swift; path = ARSCNStereoViewClass_v3.swift; sourceTree = "<group>"; };
/* End PBXFileReference section */

/* Begin PBXFrameworksBuildPhase section */
		AE0205102156E3FC001EE01B /* Frameworks */ = {
			isa = PBXFrameworksBuildPhase;
			buildActionMask = 2147483647;
			files = (
			);
			runOnlyForDeploymentPostprocessing = 0;
		};
/* End PBXFrameworksBuildPhase section */

/* Begin PBXGroup section */
		AE02050A2156E3FC001EE01B = {
			isa = PBXGroup;
			children = (
				AE0205152156E3FC001EE01B /* AR TextPad */,
				AE0205142156E3FC001EE01B /* Products */,
			);
			sourceTree = "<group>";
		};
		AE0205142156E3FC001EE01B /* Products */ = {
			isa = PBXGroup;
			children = (
				AE0205132156E3FC001EE01B /* AR TextPad.app */,
			);
			name = Products;
			sourceTree = "<group>";
		};
		AE0205152156E3FC001EE01B /* AR TextPad */ = {
			isa = PBXGroup;
			children = (
				AE0205162156E3FC001EE01B /* AppDelegate.swift */,
				AE0205182156E3FC001EE01B /* art.scnassets */,
				AE02051A2156E3FC001EE01B /* ViewController.swift */,
				AED8A15F2156E73B005375A3 /* ARSCNStereoViewClass_v3.swift */,
				AE02051C2156E3FC001EE01B /* Main.storyboard */,
				AE02051F2156E3FE001EE01B /* Assets.xcassets */,
				AE0205212156E3FE001EE01B /* LaunchScreen.storyboard */,
				AE0205242156E3FE001EE01B /* Info.plist */,
			);
			path = "AR TextPad";
			sourceTree = "<group>";
		};
/* End PBXGroup section */

/* Begin PBXNativeTarget section */
		AE0205122156E3FC001EE01B /* AR TextPad */ = {
			isa = PBXNativeTarget;
			buildConfigurationList = AE0205272156E3FE001EE01B /* Build configuration list for PBXNativeTarget "AR TextPad" */;
			buildPhases = (
				AE02050F2156E3FC001EE01B /* Sources */,
				AE0205102156E3FC001EE01B /* Frameworks */,
				AE0205112156E3FC001EE01B /* Resources */,
			);
			buildRules = (
			);
			dependencies = (
			);
			name = "AR TextPad";
			productName = "AR TextPad";
			productReference = AE0205132156E3FC001EE01B /* AR TextPad.app */;
			productType = "com.apple.product-type.application";
		};
/* End PBXNativeTarget section */

/* Begin PBXProject section */
		AE02050B2156E3FC001EE01B /* Project object */ = {
			isa = PBXProject;
			attributes = {
				LastSwiftUpdateCheck = 1000;
				LastUpgradeCheck = 1000;
				ORGANIZATIONNAME = "Emerging Interactions";
				TargetAttributes = {
					AE0205122156E3FC001EE01B = {
						CreatedOnToolsVersion = 10.0;
					};
				};
			};
			buildConfigurationList = AE02050E2156E3FC001EE01B /* Build configuration list for PBXProject "AR TextPad" */;
			compatibilityVersion = "Xcode 9.3";
			developmentRegion = en;
			hasScannedForEncodings = 0;
			knownRegions = (
				en,
				Base,
			);
			mainGroup = AE02050A2156E3FC001EE01B;
			productRefGroup = AE0205142156E3FC001EE01B /* Products */;
			projectDirPath = "";
			projectRoot = "";
			targets = (
				AE0205122156E3FC001EE01B /* AR TextPad */,
			);
		};
/* End PBXProject section */

/* Begin PBXResourcesBuildPhase section */
		AE0205112156E3FC001EE01B /* Resources */ = {
			isa = PBXResourcesBuildPhase;
			buildActionMask = 2147483647;
			files = (
				AE0205192156E3FC001EE01B /* art.scnassets in Resources */,
				AE0205232156E3FE001EE01B /* LaunchScreen.storyboard in Resources */,
				AE0205202156E3FE001EE01B /* Assets.xcassets in Resources */,
				AE02051E2156E3FC001EE01B /* Main.storyboard in Resources */,
			);
			runOnlyForDeploymentPostprocessing = 0;
		};
/* End PBXResourcesBuildPhase section */

/* Begin PBXSourcesBuildPhase section */
		AE02050F2156E3FC001EE01B /* Sources */ = {
			isa = PBXSourcesBuildPhase;
			buildActionMask = 2147483647;
			files = (
				AED8A1602156E73B005375A3 /* ARSCNStereoViewClass_v3.swift in Sources */,
				AE02051B2156E3FC001EE01B /* ViewController.swift in Sources */,
				AE0205172156E3FC001EE01B /* AppDelegate.swift in Sources */,
			);
			runOnlyForDeploymentPostprocessing = 0;
		};
/* End PBXSourcesBuildPhase section */

/* Begin PBXVariantGroup section */
		AE02051C2156E3FC001EE01B /* Main.storyboard */ = {
			isa = PBXVariantGroup;
			children = (
				AE02051D2156E3FC001EE01B /* Base */,
			);
			name = Main.storyboard;
			sourceTree = "<group>";
		};
		AE0205212156E3FE001EE01B /* LaunchScreen.storyboard */ = {
			isa = PBXVariantGroup;
			children = (
				AE0205222156E3FE001EE01B /* Base */,
			);
			name = LaunchScreen.storyboard;
			sourceTree = "<group>";
		};
/* End PBXVariantGroup section */

/* Begin XCBuildConfiguration section */
		AE0205252156E3FE001EE01B /* Debug */ = {
			isa = XCBuildConfiguration;
			buildSettings = {
				ALWAYS_SEARCH_USER_PATHS = NO;
				CLANG_ANALYZER_NONNULL = YES;
				CLANG_ANALYZER_NUMBER_OBJECT_CONVERSION = YES_AGGRESSIVE;
				CLANG_CXX_LANGUAGE_STANDARD = "gnu++14";
				CLANG_CXX_LIBRARY = "libc++";
				CLANG_ENABLE_MODULES = YES;
				CLANG_ENABLE_OBJC_ARC = YES;
				CLANG_ENABLE_OBJC_WEAK = YES;
				CLANG_WARN_BLOCK_CAPTURE_AUTORELEASING = YES;
				CLANG_WARN_BOOL_CONVERSION = YES;
				CLANG_WARN_COMMA = YES;
				CLANG_WARN_CONSTANT_CONVERSION = YES;
				CLANG_WARN_DEPRECATED_OBJC_IMPLEMENTATIONS = YES;
				CLANG_WARN_DIRECT_OBJC_ISA_USAGE = YES_ERROR;
				CLANG_WARN_DOCUMENTATION_COMMENTS = YES;
				CLANG_WARN_EMPTY_BODY = YES;
				CLANG_WARN_ENUM_CONVERSION = YES;
				CLANG_WARN_INFINITE_RECURSION = YES;
				CLANG_WARN_INT_CONVERSION = YES;
				CLANG_WARN_NON_LITERAL_NULL_CONVERSION = YES;
				CLANG_WARN_OBJC_IMPLICIT_RETAIN_SELF = YES;
				CLANG_WARN_OBJC_LITERAL_CONVERSION = YES;
				CLANG_WARN_OBJC_ROOT_CLASS = YES_ERROR;
				CLANG_WARN_RANGE_LOOP_ANALYSIS = YES;
				CLANG_WARN_STRICT_PROTOTYPES = YES;
				CLANG_WARN_SUSPICIOUS_MOVE = YES;
				CLANG_WARN_UNGUARDED_AVAILABILITY = YES_AGGRESSIVE;
				CLANG_WARN_UNREACHABLE_CODE = YES;
				CLANG_WARN__DUPLICATE_METHOD_MATCH = YES;
				CODE_SIGN_IDENTITY = "iPhone Developer";
				COPY_PHASE_STRIP = NO;
				DEBUG_INFORMATION_FORMAT = dwarf;
				ENABLE_STRICT_OBJC_MSGSEND = YES;
				ENABLE_TESTABILITY = YES;
				GCC_C_LANGUAGE_STANDARD = gnu11;
				GCC_DYNAMIC_NO_PIC = NO;
				GCC_NO_COMMON_BLOCKS = YES;
				GCC_OPTIMIZATION_LEVEL = 0;
				GCC_PREPROCESSOR_DEFINITIONS = (
					"DEBUG=1",
					"$(inherited)",
				);
				GCC_WARN_64_TO_32_BIT_CONVERSION = YES;
				GCC_WARN_ABOUT_RETURN_TYPE = YES_ERROR;
				GCC_WARN_UNDECLARED_SELECTOR = YES;
				GCC_WARN_UNINITIALIZED_AUTOS = YES_AGGRESSIVE;
				GCC_WARN_UNUSED_FUNCTION = YES;
				GCC_WARN_UNUSED_VARIABLE = YES;
				IPHONEOS_DEPLOYMENT_TARGET = 12.0;
				MTL_ENABLE_DEBUG_INFO = INCLUDE_SOURCE;
				MTL_FAST_MATH = YES;
				ONLY_ACTIVE_ARCH = YES;
				SDKROOT = iphoneos;
				SWIFT_ACTIVE_COMPILATION_CONDITIONS = DEBUG;
				SWIFT_OPTIMIZATION_LEVEL = "-Onone";
			};
			name = Debug;
		};
		AE0205262156E3FE001EE01B /* Release */ = {
			isa = XCBuildConfiguration;
			buildSettings = {
				ALWAYS_SEARCH_USER_PATHS = NO;
				CLANG_ANALYZER_NONNULL = YES;
				CLANG_ANALYZER_NUMBER_OBJECT_CONVERSION = YES_AGGRESSIVE;
				CLANG_CXX_LANGUAGE_STANDARD = "gnu++14";
				CLANG_CXX_LIBRARY = "libc++";
				CLANG_ENABLE_MODULES = YES;
				CLANG_ENABLE_OBJC_ARC = YES;
				CLANG_ENABLE_OBJC_WEAK = YES;
				CLANG_WARN_BLOCK_CAPTURE_AUTORELEASING = YES;
				CLANG_WARN_BOOL_CONVERSION = YES;
				CLANG_WARN_COMMA = YES;
				CLANG_WARN_CONSTANT_CONVERSION = YES;
				CLANG_WARN_DEPRECATED_OBJC_IMPLEMENTATIONS = YES;
				CLANG_WARN_DIRECT_OBJC_ISA_USAGE = YES_ERROR;
				CLANG_WARN_DOCUMENTATION_COMMENTS = YES;
				CLANG_WARN_EMPTY_BODY = YES;
				CLANG_WARN_ENUM_CONVERSION = YES;
				CLANG_WARN_INFINITE_RECURSION = YES;
				CLANG_WARN_INT_CONVERSION = YES;
				CLANG_WARN_NON_LITERAL_NULL_CONVERSION = YES;
				CLANG_WARN_OBJC_IMPLICIT_RETAIN_SELF = YES;
				CLANG_WARN_OBJC_LITERAL_CONVERSION = YES;
				CLANG_WARN_OBJC_ROOT_CLASS = YES_ERROR;
				CLANG_WARN_RANGE_LOOP_ANALYSIS = YES;
				CLANG_WARN_STRICT_PROTOTYPES = YES;
				CLANG_WARN_SUSPICIOUS_MOVE = YES;
				CLANG_WARN_UNGUARDED_AVAILABILITY = YES_AGGRESSIVE;
				CLANG_WARN_UNREACHABLE_CODE = YES;
				CLANG_WARN__DUPLICATE_METHOD_MATCH = YES;
				CODE_SIGN_IDENTITY = "iPhone Developer";
				COPY_PHASE_STRIP = NO;
				DEBUG_INFORMATION_FORMAT = "dwarf-with-dsym";
				ENABLE_NS_ASSERTIONS = NO;
				ENABLE_STRICT_OBJC_MSGSEND = YES;
				GCC_C_LANGUAGE_STANDARD = gnu11;
				GCC_NO_COMMON_BLOCKS = YES;
				GCC_WARN_64_TO_32_BIT_CONVERSION = YES;
				GCC_WARN_ABOUT_RETURN_TYPE = YES_ERROR;
				GCC_WARN_UNDECLARED_SELECTOR = YES;
				GCC_WARN_UNINITIALIZED_AUTOS = YES_AGGRESSIVE;
				GCC_WARN_UNUSED_FUNCTION = YES;
				GCC_WARN_UNUSED_VARIABLE = YES;
				IPHONEOS_DEPLOYMENT_TARGET = 12.0;
				MTL_ENABLE_DEBUG_INFO = NO;
				MTL_FAST_MATH = YES;
				SDKROOT = iphoneos;
				SWIFT_COMPILATION_MODE = wholemodule;
				SWIFT_OPTIMIZATION_LEVEL = "-O";
				VALIDATE_PRODUCT = YES;
			};
			name = Release;
		};
		AE0205282156E3FE001EE01B /* Debug */ = {
			isa = XCBuildConfiguration;
			buildSettings = {
				ASSETCATALOG_COMPILER_APPICON_NAME = AppIcon;
				CODE_SIGN_STYLE = Automatic;
				DEVELOPMENT_TEAM = 8KS4DU4Y2K;
				INFOPLIST_FILE = "AR TextPad/Info.plist";
				IPHONEOS_DEPLOYMENT_TARGET = 11.1;
				LD_RUNPATH_SEARCH_PATHS = (
					"$(inherited)",
					"@executable_path/Frameworks",
				);
				PRODUCT_BUNDLE_IDENTIFIER = "com.emerging-interactions.AR-TextPad";
				PRODUCT_NAME = "$(TARGET_NAME)";
				SWIFT_VERSION = 4.2;
				TARGETED_DEVICE_FAMILY = "1,2";
			};
			name = Debug;
		};
		AE0205292156E3FE001EE01B /* Release */ = {
			isa = XCBuildConfiguration;
			buildSettings = {
				ASSETCATALOG_COMPILER_APPICON_NAME = AppIcon;
				CODE_SIGN_STYLE = Automatic;
				DEVELOPMENT_TEAM = 8KS4DU4Y2K;
				INFOPLIST_FILE = "AR TextPad/Info.plist";
				IPHONEOS_DEPLOYMENT_TARGET = 11.1;
				LD_RUNPATH_SEARCH_PATHS = (
					"$(inherited)",
					"@executable_path/Frameworks",
				);
				PRODUCT_BUNDLE_IDENTIFIER = "com.emerging-interactions.AR-TextPad";
				PRODUCT_NAME = "$(TARGET_NAME)";
				SWIFT_VERSION = 4.2;
				TARGETED_DEVICE_FAMILY = "1,2";
			};
			name = Release;
		};
/* End XCBuildConfiguration section */

/* Begin XCConfigurationList section */
		AE02050E2156E3FC001EE01B /* Build configuration list for PBXProject "AR TextPad" */ = {
			isa = XCConfigurationList;
			buildConfigurations = (
				AE0205252156E3FE001EE01B /* Debug */,
				AE0205262156E3FE001EE01B /* Release */,
			);
			defaultConfigurationIsVisible = 0;
			defaultConfigurationName = Release;
		};
		AE0205272156E3FE001EE01B /* Build configuration list for PBXNativeTarget "AR TextPad" */ = {
			isa = XCConfigurationList;
			buildConfigurations = (
				AE0205282156E3FE001EE01B /* Debug */,
				AE0205292156E3FE001EE01B /* Release */,
			);
			defaultConfigurationIsVisible = 0;
			defaultConfigurationName = Release;
		};
/* End XCConfigurationList section */
	};
	rootObject = AE02050B2156E3FC001EE01B /* Project object */;
}
